
Microsoft Visual Studio Solution File, Format Version 12.00
# Visual Studio Version 17
VisualStudioVersion = 17.9.34622.214
MinimumVisualStudioVersion = 10.0.40219.1
Project("{8BC9CEB8-8B4A-11D0-8D11-00A0C91BC942}") = "пример", "пример\пример.vcxproj", "{872AA489-6204-4425-93C0-EAF93FA4ADC2}"
EndProject
Global
	GlobalSection(SolutionConfigurationPlatforms) = preSolution
		Debug|x64 = Debug|x64
		Release|x64 = Release|x64
	EndGlobalSection
	GlobalSection(ProjectConfigurationPlatforms) = postSolution
		{872AA489-6204-4425-93C0-EAF93FA4ADC2}.Debug|x64.ActiveCfg = Debug|x64
		{872AA489-6204-4425-93C0-EAF93FA4ADC2}.Debug|x64.Build.0 = Debug|x64
		{872AA489-6204-4425-93C0-EAF93FA4ADC2}.Release|x64.ActiveCfg = Release|x64
		{872AA489-6204-4425-93C0-EAF93FA4ADC2}.Release|x64.Build.0 = Release|x64
	EndGlobalSection
	GlobalSection(SolutionProperties) = preSolution
		HideSolutionNode = FALSE
	EndGlobalSection
	GlobalSection(ExtensibilityGlobals) = postSolution
		SolutionGuid = {1D0AE5CC-5109-4853-ABCF-0A05A1DD46AC}
	EndGlobalSection
EndGlobal
